
Microsoft Visual Studio Solution File, Format Version 12.00
# Visual Studio Version 16
VisualStudioVersion = 16.0.30104.148
MinimumVisualStudioVersion = 10.0.40219.1
Project("{9A19103F-16F7-4668-BE54-9A1E7A4F7556}") = "Chain.Of.Responsibility.Example", "Chain.Of.Responsibility.Example.csproj", "{920DFE3C-E497-48FF-A9EC-1A92BF698074}"
EndProject
Global
	GlobalSection(SolutionConfigurationPlatforms) = preSolution
		Debug|Any CPU = Debug|Any CPU
		Release|Any CPU = Release|Any CPU
	EndGlobalSection
	GlobalSection(ProjectConfigurationPlatforms) = postSolution
		{920DFE3C-E497-48FF-A9EC-1A92BF698074}.Debug|Any CPU.ActiveCfg = Debug|Any CPU
		{920DFE3C-E497-48FF-A9EC-1A92BF698074}.Debug|Any CPU.Build.0 = Debug|Any CPU
		{920DFE3C-E497-48FF-A9EC-1A92BF698074}.Release|Any CPU.ActiveCfg = Release|Any CPU
		{920DFE3C-E497-48FF-A9EC-1A92BF698074}.Release|Any CPU.Build.0 = Release|Any CPU
	EndGlobalSection
	GlobalSection(SolutionProperties) = preSolution
		HideSolutionNode = FALSE
	EndGlobalSection
	GlobalSection(ExtensibilityGlobals) = postSolution
		SolutionGuid = {C5E6F5E6-75EE-49E5-9F0E-E39D63CD1A66}
	EndGlobalSection
EndGlobal
